{
  "name": "fnest-proto",
  "version": "0.0.0",
  "lockfileVersion": 3,
  "requires": true,
  "packages": {
    "": {
      "name": "fnest-proto",
      "version": "0.0.0",
      "license": "CC0-1.0",
      "dependencies": {
        "@hono/node-server": "^1.1.1",
        "hono": "^3.6.1"
      }
    },
    "node_modules/@hono/node-server": {
      "version": "1.1.1",
      "resolved": "https://registry.npmjs.org/@hono/node-server/-/node-server-1.1.1.tgz",
      "integrity": "sha512-0ZfrcW8Y+TAGNzKGoDB1iQ7Gv7uGsGDOYlz7nckXcHRpK60Oxuz1ttiFmdHYmI6kGO+/VJ8Iy58LDhoTPqkiow==",
      "engines": {
        "node": ">=18.0.0"
      }
    },
    "node_modules/hono": {
      "version": "3.6.1",
      "resolved": "https://registry.npmjs.org/hono/-/hono-3.6.1.tgz",
      "integrity": "sha512-FaWXh0MSc2Hv2IrGI4vFvZEK69NHfggEgHUlNMXp2zrpKh23j7wS0Ku316Do9CFAl07OBNozBelcvruiBT8crQ==",
      "engines": {
        "node": ">=16.0.0"
      }
    }
  }
}
